// !$*UTF8*$!
{
	archiveVersion = 1;
	classes = {
	};
	objectVersion = 51;
	objects = {

/* Begin PBXBuildFile section */
		0331ABF7CB80C09B5F99EF82 /* Pods_Video2Live.framework in Frameworks */ = {isa = PBXBuildFile; fileRef = 612A286165A11E3D2BFC4EB6 /* Pods_Video2Live.framework */; };
		ED13791522F5EDE000CE9884 /* AppDelegate.swift in Sources */ = {isa = PBXBuildFile; fileRef = ED13791422F5EDE000CE9884 /* AppDelegate.swift */; };
		ED13791722F5EDE000CE9884 /* ViewController.swift in Sources */ = {isa = PBXBuildFile; fileRef = ED13791622F5EDE000CE9884 /* ViewController.swift */; };
		ED13791A22F5EDE000CE9884 /* Main.storyboard in Resources */ = {isa = PBXBuildFile; fileRef = ED13791822F5EDE000CE9884 /* Main.storyboard */; };
		ED13791D22F5EDE000CE9884 /* Video2Live.xcdatamodeld in Sources */ = {isa = PBXBuildFile; fileRef = ED13791B22F5EDE000CE9884 /* Video2Live.xcdatamodeld */; };
		ED13791F22F5EDE100CE9884 /* Assets.xcassets in Resources */ = {isa = PBXBuildFile; fileRef = ED13791E22F5EDE100CE9884 /* Assets.xcassets */; };
		ED13792222F5EDE100CE9884 /* LaunchScreen.storyboard in Resources */ = {isa = PBXBuildFile; fileRef = ED13792022F5EDE100CE9884 /* LaunchScreen.storyboard */; };
		ED775DBA23D79EBD002D2F03 /* InfoCollectionViewController.swift in Sources */ = {isa = PBXBuildFile; fileRef = ED775DB923D79EBD002D2F03 /* InfoCollectionViewController.swift */; };
		ED8249BD23F1FE270098DE91 /* AdRequestViewController.swift in Sources */ = {isa = PBXBuildFile; fileRef = ED8249BC23F1FE270098DE91 /* AdRequestViewController.swift */; };
		ED82F73723EEDB82003D6DCA /* (null) in Embed Frameworks */ = {isa = PBXBuildFile; settings = {ATTRIBUTES = (CodeSignOnCopy, RemoveHeadersOnCopy, ); }; };
		ED8E237324618E87005BB680 /* AnimatedGradient.swift in Sources */ = {isa = PBXBuildFile; fileRef = ED8E237224618E87005BB680 /* AnimatedGradient.swift */; };
		ED8F423F239D40D9000744F7 /* LivePhoto.swift in Sources */ = {isa = PBXBuildFile; fileRef = ED8F423E239D40D9000744F7 /* LivePhoto.swift */; };
		ED8F4241239D4499000744F7 /* Extra.swift in Sources */ = {isa = PBXBuildFile; fileRef = ED8F4240239D4499000744F7 /* Extra.swift */; };
		ED8F4245239D5DA4000744F7 /* AVAsset-extensions.swift in Sources */ = {isa = PBXBuildFile; fileRef = ED8F4244239D5DA4000744F7 /* AVAsset-extensions.swift */; };
		EDAB4C0323D8F6C800BD7B54 /* InfoCollectionViewCell.swift in Sources */ = {isa = PBXBuildFile; fileRef = EDAB4C0223D8F6C800BD7B54 /* InfoCollectionViewCell.swift */; };
		EDB932FB241CE1CF00CDCB55 /* Transition.swift in Sources */ = {isa = PBXBuildFile; fileRef = EDB932FA241CE1CF00CDCB55 /* Transition.swift */; };
		EDB932FD241CF75200CDCB55 /* Gradient.swift in Sources */ = {isa = PBXBuildFile; fileRef = EDB932FC241CF75200CDCB55 /* Gradient.swift */; };
		EDCAD909230F24940003278E /* PreviewViewController.swift in Sources */ = {isa = PBXBuildFile; fileRef = EDCAD908230F24940003278E /* PreviewViewController.swift */; };
		EDE1E995246039A000FD72D8 /* BottomSheetVC.swift in Sources */ = {isa = PBXBuildFile; fileRef = EDE1E994246039A000FD72D8 /* BottomSheetVC.swift */; };
		EDE1E9972460739F00FD72D8 /* UIButtonExtensions.swift in Sources */ = {isa = PBXBuildFile; fileRef = EDE1E9962460739F00FD72D8 /* UIButtonExtensions.swift */; };
		EDE1E99924607BAD00FD72D8 /* UIViewScaling.swift in Sources */ = {isa = PBXBuildFile; fileRef = EDE1E99824607BAD00FD72D8 /* UIViewScaling.swift */; };
		EDF45D9023849D6D0080989C /* SharedIdentifier.swift in Sources */ = {isa = PBXBuildFile; fileRef = EDF45D8F23849D6D0080989C /* SharedIdentifier.swift */; };
/* End PBXBuildFile section */

/* Begin PBXCopyFilesBuildPhase section */
		ED82F73823EEDB82003D6DCA /* Embed Frameworks */ = {
			isa = PBXCopyFilesBuildPhase;
			buildActionMask = 12;
			dstPath = "";
			dstSubfolderSpec = 10;
			files = (
				ED82F73723EEDB82003D6DCA /* (null) in Embed Frameworks */,
			);
			name = "Embed Frameworks";
			runOnlyForDeploymentPostprocessing = 0;
		};
/* End PBXCopyFilesBuildPhase section */

/* Begin PBXFileReference section */
		336D96ED872E4A3E15060EC6 /* Pods-Video2Live.debug.xcconfig */ = {isa = PBXFileReference; includeInIndex = 1; lastKnownFileType = text.xcconfig; name = "Pods-Video2Live.debug.xcconfig"; path = "Target Support Files/Pods-Video2Live/Pods-Video2Live.debug.xcconfig"; sourceTree = "<group>"; };
		612A286165A11E3D2BFC4EB6 /* Pods_Video2Live.framework */ = {isa = PBXFileReference; explicitFileType = wrapper.framework; includeInIndex = 0; path = Pods_Video2Live.framework; sourceTree = BUILT_PRODUCTS_DIR; };
		ED13791122F5EDE000CE9884 /* Video2Live.app */ = {isa = PBXFileReference; explicitFileType = wrapper.application; includeInIndex = 0; path = Video2Live.app; sourceTree = BUILT_PRODUCTS_DIR; };
		ED13791422F5EDE000CE9884 /* AppDelegate.swift */ = {isa = PBXFileReference; lastKnownFileType = sourcecode.swift; path = AppDelegate.swift; sourceTree = "<group>"; };
		ED13791622F5EDE000CE9884 /* ViewController.swift */ = {isa = PBXFileReference; lastKnownFileType = sourcecode.swift; path = ViewController.swift; sourceTree = "<group>"; };
		ED13791922F5EDE000CE9884 /* Base */ = {isa = PBXFileReference; lastKnownFileType = file.storyboard; name = Base; path = Base.lproj/Main.storyboard; sourceTree = "<group>"; };
		ED13791C22F5EDE000CE9884 /* Live_Convert.xcdatamodel */ = {isa = PBXFileReference; lastKnownFileType = wrapper.xcdatamodel; path = Live_Convert.xcdatamodel; sourceTree = "<group>"; };
		ED13791E22F5EDE100CE9884 /* Assets.xcassets */ = {isa = PBXFileReference; lastKnownFileType = folder.assetcatalog; path = Assets.xcassets; sourceTree = "<group>"; };
		ED13792122F5EDE100CE9884 /* Base */ = {isa = PBXFileReference; lastKnownFileType = file.storyboard; name = Base; path = Base.lproj/LaunchScreen.storyboard; sourceTree = "<group>"; };
		ED13792322F5EDE100CE9884 /* Info.plist */ = {isa = PBXFileReference; lastKnownFileType = text.plist.xml; path = Info.plist; sourceTree = "<group>"; };
		ED775DB923D79EBD002D2F03 /* InfoCollectionViewController.swift */ = {isa = PBXFileReference; lastKnownFileType = sourcecode.swift; path = InfoCollectionViewController.swift; sourceTree = "<group>"; };
		ED8249BC23F1FE270098DE91 /* AdRequestViewController.swift */ = {isa = PBXFileReference; lastKnownFileType = sourcecode.swift; name = AdRequestViewController.swift; path = Video2Live/Controllers/AdRequestViewController.swift; sourceTree = SOURCE_ROOT; };
		ED8E237224618E87005BB680 /* AnimatedGradient.swift */ = {isa = PBXFileReference; lastKnownFileType = sourcecode.swift; path = AnimatedGradient.swift; sourceTree = "<group>"; };
		ED8F423E239D40D9000744F7 /* LivePhoto.swift */ = {isa = PBXFileReference; fileEncoding = 4; lastKnownFileType = sourcecode.swift; path = LivePhoto.swift; sourceTree = "<group>"; };
		ED8F4240239D4499000744F7 /* Extra.swift */ = {isa = PBXFileReference; lastKnownFileType = sourcecode.swift; path = Extra.swift; sourceTree = "<group>"; };
		ED8F4244239D5DA4000744F7 /* AVAsset-extensions.swift */ = {isa = PBXFileReference; fileEncoding = 4; lastKnownFileType = sourcecode.swift; path = "AVAsset-extensions.swift"; sourceTree = "<group>"; };
		EDAB4C0223D8F6C800BD7B54 /* InfoCollectionViewCell.swift */ = {isa = PBXFileReference; lastKnownFileType = sourcecode.swift; path = InfoCollectionViewCell.swift; sourceTree = "<group>"; };
		EDB932FA241CE1CF00CDCB55 /* Transition.swift */ = {isa = PBXFileReference; lastKnownFileType = sourcecode.swift; path = Transition.swift; sourceTree = "<group>"; };
		EDB932FC241CF75200CDCB55 /* Gradient.swift */ = {isa = PBXFileReference; lastKnownFileType = sourcecode.swift; path = Gradient.swift; sourceTree = "<group>"; };
		EDCAD908230F24940003278E /* PreviewViewController.swift */ = {isa = PBXFileReference; lastKnownFileType = sourcecode.swift; path = PreviewViewController.swift; sourceTree = "<group>"; };
		EDE1E994246039A000FD72D8 /* BottomSheetVC.swift */ = {isa = PBXFileReference; lastKnownFileType = sourcecode.swift; path = BottomSheetVC.swift; sourceTree = "<group>"; };
		EDE1E9962460739F00FD72D8 /* UIButtonExtensions.swift */ = {isa = PBXFileReference; lastKnownFileType = sourcecode.swift; path = UIButtonExtensions.swift; sourceTree = "<group>"; };
		EDE1E99824607BAD00FD72D8 /* UIViewScaling.swift */ = {isa = PBXFileReference; lastKnownFileType = sourcecode.swift; path = UIViewScaling.swift; sourceTree = "<group>"; };
		EDF45D8F23849D6D0080989C /* SharedIdentifier.swift */ = {isa = PBXFileReference; lastKnownFileType = sourcecode.swift; path = SharedIdentifier.swift; sourceTree = "<group>"; };
		F43680D9341D41CDDD5FADAE /* Pods-Video2Live.release.xcconfig */ = {isa = PBXFileReference; includeInIndex = 1; lastKnownFileType = text.xcconfig; name = "Pods-Video2Live.release.xcconfig"; path = "Target Support Files/Pods-Video2Live/Pods-Video2Live.release.xcconfig"; sourceTree = "<group>"; };
/* End PBXFileReference section */

/* Begin PBXFrameworksBuildPhase section */
		ED13790E22F5EDE000CE9884 /* Frameworks */ = {
			isa = PBXFrameworksBuildPhase;
			buildActionMask = 2147483647;
			files = (
				0331ABF7CB80C09B5F99EF82 /* Pods_Video2Live.framework in Frameworks */,
			);
			runOnlyForDeploymentPostprocessing = 0;
		};
/* End PBXFrameworksBuildPhase section */

/* Begin PBXGroup section */
		452A7F234191105F3AAC9A5A /* Frameworks */ = {
			isa = PBXGroup;
			children = (
				612A286165A11E3D2BFC4EB6 /* Pods_Video2Live.framework */,
			);
			name = Frameworks;
			sourceTree = "<group>";
		};
		E157DD8F9DACCE35DA512E6A /* Pods */ = {
			isa = PBXGroup;
			children = (
				336D96ED872E4A3E15060EC6 /* Pods-Video2Live.debug.xcconfig */,
				F43680D9341D41CDDD5FADAE /* Pods-Video2Live.release.xcconfig */,
			);
			path = Pods;
			sourceTree = "<group>";
		};
		ED13790822F5EDE000CE9884 = {
			isa = PBXGroup;
			children = (
				ED13791322F5EDE000CE9884 /* Video2Live */,
				ED13791222F5EDE000CE9884 /* Products */,
				E157DD8F9DACCE35DA512E6A /* Pods */,
				452A7F234191105F3AAC9A5A /* Frameworks */,
				ED846C8924018ECE00E7D3BD /* Recovered References */,
			);
			sourceTree = "<group>";
		};
		ED13791222F5EDE000CE9884 /* Products */ = {
			isa = PBXGroup;
			children = (
				ED13791122F5EDE000CE9884 /* Video2Live.app */,
			);
			name = Products;
			sourceTree = "<group>";
		};
		ED13791322F5EDE000CE9884 /* Video2Live */ = {
			isa = PBXGroup;
			children = (
				ED13791422F5EDE000CE9884 /* AppDelegate.swift */,
				ED8F4243239D5B15000744F7 /* Storyboards */,
				ED8F4242239D5ADB000744F7 /* Controllers */,
				ED8F4246239D5DB1000744F7 /* Extension */,
				ED13791E22F5EDE100CE9884 /* Assets.xcassets */,
				EDF45D8F23849D6D0080989C /* SharedIdentifier.swift */,
				ED13792322F5EDE100CE9884 /* Info.plist */,
				ED13791B22F5EDE000CE9884 /* Video2Live.xcdatamodeld */,
			);
			path = Video2Live;
			sourceTree = "<group>";
		};
		ED846C8924018ECE00E7D3BD /* Recovered References */ = {
			isa = PBXGroup;
			children = (
			);
			name = "Recovered References";
			sourceTree = "<group>";
		};
		ED8F4242239D5ADB000744F7 /* Controllers */ = {
			isa = PBXGroup;
			children = (
				ED8F4240239D4499000744F7 /* Extra.swift */,
				ED8F423E239D40D9000744F7 /* LivePhoto.swift */,
				ED13791622F5EDE000CE9884 /* ViewController.swift */,
				ED8E237224618E87005BB680 /* AnimatedGradient.swift */,
				EDE1E99824607BAD00FD72D8 /* UIViewScaling.swift */,
				EDE1E9962460739F00FD72D8 /* UIButtonExtensions.swift */,
				EDE1E994246039A000FD72D8 /* BottomSheetVC.swift */,
				EDB932FC241CF75200CDCB55 /* Gradient.swift */,
				ED8249BC23F1FE270098DE91 /* AdRequestViewController.swift */,
				EDCAD908230F24940003278E /* PreviewViewController.swift */,
				ED775DB923D79EBD002D2F03 /* InfoCollectionViewController.swift */,
				EDAB4C0223D8F6C800BD7B54 /* InfoCollectionViewCell.swift */,
				EDB932FA241CE1CF00CDCB55 /* Transition.swift */,
			);
			path = Controllers;
			sourceTree = "<group>";
		};
		ED8F4243239D5B15000744F7 /* Storyboards */ = {
			isa = PBXGroup;
			children = (
				ED13791822F5EDE000CE9884 /* Main.storyboard */,
				ED13792022F5EDE100CE9884 /* LaunchScreen.storyboard */,
			);
			path = Storyboards;
			sourceTree = "<group>";
		};
		ED8F4246239D5DB1000744F7 /* Extension */ = {
			isa = PBXGroup;
			children = (
				ED8F4244239D5DA4000744F7 /* AVAsset-extensions.swift */,
			);
			path = Extension;
			sourceTree = "<group>";
		};
/* End PBXGroup section */

/* Begin PBXNativeTarget section */
		ED13791022F5EDE000CE9884 /* Video2Live */ = {
			isa = PBXNativeTarget;
			buildConfigurationList = ED13792622F5EDE100CE9884 /* Build configuration list for PBXNativeTarget "Video2Live" */;
			buildPhases = (
				AAC1B8A63B0F3B867A7C5E79 /* [CP] Check Pods Manifest.lock */,
				ED13790D22F5EDE000CE9884 /* Sources */,
				ED13790E22F5EDE000CE9884 /* Frameworks */,
				ED13790F22F5EDE000CE9884 /* Resources */,
				ED82F73823EEDB82003D6DCA /* Embed Frameworks */,
				23395804991C9DD7E3F17DA0 /* [CP] Embed Pods Frameworks */,
			);
			buildRules = (
			);
			dependencies = (
			);
			name = Video2Live;
			productName = "Live Convert";
			productReference = ED13791122F5EDE000CE9884 /* Video2Live.app */;
			productType = "com.apple.product-type.application";
		};
/* End PBXNativeTarget section */

/* Begin PBXProject section */
		ED13790922F5EDE000CE9884 /* Project object */ = {
			isa = PBXProject;
			attributes = {
				LastSwiftUpdateCheck = 1020;
				LastUpgradeCheck = 1020;
				ORGANIZATIONNAME = "Abayomi Ikuru";
				TargetAttributes = {
					ED13791022F5EDE000CE9884 = {
						CreatedOnToolsVersion = 10.2;
					};
				};
			};
			buildConfigurationList = ED13790C22F5EDE000CE9884 /* Build configuration list for PBXProject "Video2Live" */;
			compatibilityVersion = "Xcode 10.0";
			developmentRegion = en;
			hasScannedForEncodings = 0;
			knownRegions = (
				en,
				Base,
			);
			mainGroup = ED13790822F5EDE000CE9884;
			productRefGroup = ED13791222F5EDE000CE9884 /* Products */;
			projectDirPath = "";
			projectRoot = "";
			targets = (
				ED13791022F5EDE000CE9884 /* Video2Live */,
			);
		};
/* End PBXProject section */

/* Begin PBXResourcesBuildPhase section */
		ED13790F22F5EDE000CE9884 /* Resources */ = {
			isa = PBXResourcesBuildPhase;
			buildActionMask = 2147483647;
			files = (
				ED13792222F5EDE100CE9884 /* LaunchScreen.storyboard in Resources */,
				ED13791F22F5EDE100CE9884 /* Assets.xcassets in Resources */,
				ED13791A22F5EDE000CE9884 /* Main.storyboard in Resources */,
			);
			runOnlyForDeploymentPostprocessing = 0;
		};
/* End PBXResourcesBuildPhase section */

/* Begin PBXShellScriptBuildPhase section */
		23395804991C9DD7E3F17DA0 /* [CP] Embed Pods Frameworks */ = {
			isa = PBXShellScriptBuildPhase;
			buildActionMask = 2147483647;
			files = (
			);
			inputFileListPaths = (
				"${PODS_ROOT}/Target Support Files/Pods-Video2Live/Pods-Video2Live-frameworks-${CONFIGURATION}-input-files.xcfilelist",
			);
			name = "[CP] Embed Pods Frameworks";
			outputFileListPaths = (
				"${PODS_ROOT}/Target Support Files/Pods-Video2Live/Pods-Video2Live-frameworks-${CONFIGURATION}-output-files.xcfilelist",
			);
			runOnlyForDeploymentPostprocessing = 0;
			shellPath = /bin/sh;
			shellScript = "\"${PODS_ROOT}/Target Support Files/Pods-Video2Live/Pods-Video2Live-frameworks.sh\"\n";
			showEnvVarsInLog = 0;
		};
		AAC1B8A63B0F3B867A7C5E79 /* [CP] Check Pods Manifest.lock */ = {
			isa = PBXShellScriptBuildPhase;
			buildActionMask = 2147483647;
			files = (
			);
			inputFileListPaths = (
			);
			inputPaths = (
				"${PODS_PODFILE_DIR_PATH}/Podfile.lock",
				"${PODS_ROOT}/Manifest.lock",
			);
			name = "[CP] Check Pods Manifest.lock";
			outputFileListPaths = (
			);
			outputPaths = (
				"$(DERIVED_FILE_DIR)/Pods-Video2Live-checkManifestLockResult.txt",
			);
			runOnlyForDeploymentPostprocessing = 0;
			shellPath = /bin/sh;
			shellScript = "diff \"${PODS_PODFILE_DIR_PATH}/Podfile.lock\" \"${PODS_ROOT}/Manifest.lock\" > /dev/null\nif [ $? != 0 ] ; then\n    # print error to STDERR\n    echo \"error: The sandbox is not in sync with the Podfile.lock. Run 'pod install' or update your CocoaPods installation.\" >&2\n    exit 1\nfi\n# This output is used by Xcode 'outputs' to avoid re-running this script phase.\necho \"SUCCESS\" > \"${SCRIPT_OUTPUT_FILE_0}\"\n";
			showEnvVarsInLog = 0;
		};
/* End PBXShellScriptBuildPhase section */

/* Begin PBXSourcesBuildPhase section */
		ED13790D22F5EDE000CE9884 /* Sources */ = {
			isa = PBXSourcesBuildPhase;
			buildActionMask = 2147483647;
			files = (
				EDE1E9972460739F00FD72D8 /* UIButtonExtensions.swift in Sources */,
				EDAB4C0323D8F6C800BD7B54 /* InfoCollectionViewCell.swift in Sources */,
				ED13791722F5EDE000CE9884 /* ViewController.swift in Sources */,
				ED13791522F5EDE000CE9884 /* AppDelegate.swift in Sources */,
				ED8F423F239D40D9000744F7 /* LivePhoto.swift in Sources */,
				EDF45D9023849D6D0080989C /* SharedIdentifier.swift in Sources */,
				ED775DBA23D79EBD002D2F03 /* InfoCollectionViewController.swift in Sources */,
				EDB932FB241CE1CF00CDCB55 /* Transition.swift in Sources */,
				EDE1E99924607BAD00FD72D8 /* UIViewScaling.swift in Sources */,
				ED8249BD23F1FE270098DE91 /* AdRequestViewController.swift in Sources */,
				ED13791D22F5EDE000CE9884 /* Video2Live.xcdatamodeld in Sources */,
				ED8F4241239D4499000744F7 /* Extra.swift in Sources */,
				EDCAD909230F24940003278E /* PreviewViewController.swift in Sources */,
				EDE1E995246039A000FD72D8 /* BottomSheetVC.swift in Sources */,
				ED8E237324618E87005BB680 /* AnimatedGradient.swift in Sources */,
				EDB932FD241CF75200CDCB55 /* Gradient.swift in Sources */,
				ED8F4245239D5DA4000744F7 /* AVAsset-extensions.swift in Sources */,
			);
			runOnlyForDeploymentPostprocessing = 0;
		};
/* End PBXSourcesBuildPhase section */

/* Begin PBXVariantGroup section */
		ED13791822F5EDE000CE9884 /* Main.storyboard */ = {
			isa = PBXVariantGroup;
			children = (
				ED13791922F5EDE000CE9884 /* Base */,
			);
			name = Main.storyboard;
			sourceTree = "<group>";
		};
		ED13792022F5EDE100CE9884 /* LaunchScreen.storyboard */ = {
			isa = PBXVariantGroup;
			children = (
				ED13792122F5EDE100CE9884 /* Base */,
			);
			name = LaunchScreen.storyboard;
			sourceTree = "<group>";
		};
/* End PBXVariantGroup section */

/* Begin XCBuildConfiguration section */
		ED13792422F5EDE100CE9884 /* Debug */ = {
			isa = XCBuildConfiguration;
			buildSettings = {
				ALWAYS_SEARCH_USER_PATHS = NO;
				CLANG_ANALYZER_NONNULL = YES;
				CLANG_ANALYZER_NUMBER_OBJECT_CONVERSION = YES_AGGRESSIVE;
				CLANG_CXX_LANGUAGE_STANDARD = "gnu++14";
				CLANG_CXX_LIBRARY = "libc++";
				CLANG_ENABLE_MODULES = YES;
				CLANG_ENABLE_OBJC_ARC = YES;
				CLANG_ENABLE_OBJC_WEAK = YES;
				CLANG_WARN_BLOCK_CAPTURE_AUTORELEASING = YES;
				CLANG_WARN_BOOL_CONVERSION = YES;
				CLANG_WARN_COMMA = YES;
				CLANG_WARN_CONSTANT_CONVERSION = YES;
				CLANG_WARN_DEPRECATED_OBJC_IMPLEMENTATIONS = YES;
				CLANG_WARN_DIRECT_OBJC_ISA_USAGE = YES_ERROR;
				CLANG_WARN_DOCUMENTATION_COMMENTS = YES;
				CLANG_WARN_EMPTY_BODY = YES;
				CLANG_WARN_ENUM_CONVERSION = YES;
				CLANG_WARN_INFINITE_RECURSION = YES;
				CLANG_WARN_INT_CONVERSION = YES;
				CLANG_WARN_NON_LITERAL_NULL_CONVERSION = YES;
				CLANG_WARN_OBJC_IMPLICIT_RETAIN_SELF = YES;
				CLANG_WARN_OBJC_LITERAL_CONVERSION = YES;
				CLANG_WARN_OBJC_ROOT_CLASS = YES_ERROR;
				CLANG_WARN_RANGE_LOOP_ANALYSIS = YES;
				CLANG_WARN_STRICT_PROTOTYPES = YES;
				CLANG_WARN_SUSPICIOUS_MOVE = YES;
				CLANG_WARN_UNGUARDED_AVAILABILITY = YES_AGGRESSIVE;
				CLANG_WARN_UNREACHABLE_CODE = YES;
				CLANG_WARN__DUPLICATE_METHOD_MATCH = YES;
				CODE_SIGN_IDENTITY = "iPhone Developer";
				COPY_PHASE_STRIP = NO;
				DEBUG_INFORMATION_FORMAT = dwarf;
				ENABLE_STRICT_OBJC_MSGSEND = YES;
				ENABLE_TESTABILITY = YES;
				GCC_C_LANGUAGE_STANDARD = gnu11;
				GCC_DYNAMIC_NO_PIC = NO;
				GCC_NO_COMMON_BLOCKS = YES;
				GCC_OPTIMIZATION_LEVEL = 0;
				GCC_PREPROCESSOR_DEFINITIONS = (
					"DEBUG=1",
					"$(inherited)",
				);
				GCC_WARN_64_TO_32_BIT_CONVERSION = YES;
				GCC_WARN_ABOUT_RETURN_TYPE = YES_ERROR;
				GCC_WARN_UNDECLARED_SELECTOR = YES;
				GCC_WARN_UNINITIALIZED_AUTOS = YES_AGGRESSIVE;
				GCC_WARN_UNUSED_FUNCTION = YES;
				GCC_WARN_UNUSED_VARIABLE = YES;
				IPHONEOS_DEPLOYMENT_TARGET = 12.2;
				MTL_ENABLE_DEBUG_INFO = INCLUDE_SOURCE;
				MTL_FAST_MATH = YES;
				ONLY_ACTIVE_ARCH = YES;
				SDKROOT = iphoneos;
				SWIFT_ACTIVE_COMPILATION_CONDITIONS = DEBUG;
				SWIFT_OPTIMIZATION_LEVEL = "-Onone";
			};
			name = Debug;
		};
		ED13792522F5EDE100CE9884 /* Release */ = {
			isa = XCBuildConfiguration;
			buildSettings = {
				ALWAYS_SEARCH_USER_PATHS = NO;
				CLANG_ANALYZER_NONNULL = YES;
				CLANG_ANALYZER_NUMBER_OBJECT_CONVERSION = YES_AGGRESSIVE;
				CLANG_CXX_LANGUAGE_STANDARD = "gnu++14";
				CLANG_CXX_LIBRARY = "libc++";
				CLANG_ENABLE_MODULES = YES;
				CLANG_ENABLE_OBJC_ARC = YES;
				CLANG_ENABLE_OBJC_WEAK = YES;
				CLANG_WARN_BLOCK_CAPTURE_AUTORELEASING = YES;
				CLANG_WARN_BOOL_CONVERSION = YES;
				CLANG_WARN_COMMA = YES;
				CLANG_WARN_CONSTANT_CONVERSION = YES;
				CLANG_WARN_DEPRECATED_OBJC_IMPLEMENTATIONS = YES;
				CLANG_WARN_DIRECT_OBJC_ISA_USAGE = YES_ERROR;
				CLANG_WARN_DOCUMENTATION_COMMENTS = YES;
				CLANG_WARN_EMPTY_BODY = YES;
				CLANG_WARN_ENUM_CONVERSION = YES;
				CLANG_WARN_INFINITE_RECURSION = YES;
				CLANG_WARN_INT_CONVERSION = YES;
				CLANG_WARN_NON_LITERAL_NULL_CONVERSION = YES;
				CLANG_WARN_OBJC_IMPLICIT_RETAIN_SELF = YES;
				CLANG_WARN_OBJC_LITERAL_CONVERSION = YES;
				CLANG_WARN_OBJC_ROOT_CLASS = YES_ERROR;
				CLANG_WARN_RANGE_LOOP_ANALYSIS = YES;
				CLANG_WARN_STRICT_PROTOTYPES = YES;
				CLANG_WARN_SUSPICIOUS_MOVE = YES;
				CLANG_WARN_UNGUARDED_AVAILABILITY = YES_AGGRESSIVE;
				CLANG_WARN_UNREACHABLE_CODE = YES;
				CLANG_WARN__DUPLICATE_METHOD_MATCH = YES;
				CODE_SIGN_IDENTITY = "iPhone Developer";
				COPY_PHASE_STRIP = NO;
				DEBUG_INFORMATION_FORMAT = "dwarf-with-dsym";
				ENABLE_NS_ASSERTIONS = NO;
				ENABLE_STRICT_OBJC_MSGSEND = YES;
				GCC_C_LANGUAGE_STANDARD = gnu11;
				GCC_NO_COMMON_BLOCKS = YES;
				GCC_WARN_64_TO_32_BIT_CONVERSION = YES;
				GCC_WARN_ABOUT_RETURN_TYPE = YES_ERROR;
				GCC_WARN_UNDECLARED_SELECTOR = YES;
				GCC_WARN_UNINITIALIZED_AUTOS = YES_AGGRESSIVE;
				GCC_WARN_UNUSED_FUNCTION = YES;
				GCC_WARN_UNUSED_VARIABLE = YES;
				IPHONEOS_DEPLOYMENT_TARGET = 12.2;
				MTL_ENABLE_DEBUG_INFO = NO;
				MTL_FAST_MATH = YES;
				SDKROOT = iphoneos;
				SWIFT_COMPILATION_MODE = wholemodule;
				SWIFT_OPTIMIZATION_LEVEL = "-O";
				VALIDATE_PRODUCT = YES;
			};
			name = Release;
		};
		ED13792722F5EDE100CE9884 /* Debug */ = {
			isa = XCBuildConfiguration;
			baseConfigurationReference = 336D96ED872E4A3E15060EC6 /* Pods-Video2Live.debug.xcconfig */;
			buildSettings = {
				ASSETCATALOG_COMPILER_APPICON_NAME = AppIcon;
				CODE_SIGN_IDENTITY = "Apple Development";
				CODE_SIGN_STYLE = Automatic;
				CURRENT_PROJECT_VERSION = 3;
				DEVELOPMENT_TEAM = W3PJ8XX6PP;
				INFOPLIST_FILE = "$(SRCROOT)/Video2Live/Info.plist";
				IPHONEOS_DEPLOYMENT_TARGET = 12.0;
				LD_RUNPATH_SEARCH_PATHS = (
					"$(inherited)",
					"@executable_path/Frameworks",
					"@loader_path/Frameworks",
				);
				MARKETING_VERSION = 1.0.1;
				PRODUCT_BUNDLE_IDENTIFIER = com.yomitosh.Video2Live;
				PRODUCT_NAME = "$(TARGET_NAME)";
				PROVISIONING_PROFILE_SPECIFIER = "";
				SWIFT_VERSION = 5.0;
				TARGETED_DEVICE_FAMILY = 1;
			};
			name = Debug;
		};
		ED13792822F5EDE100CE9884 /* Release */ = {
			isa = XCBuildConfiguration;
			baseConfigurationReference = F43680D9341D41CDDD5FADAE /* Pods-Video2Live.release.xcconfig */;
			buildSettings = {
				ASSETCATALOG_COMPILER_APPICON_NAME = AppIcon;
				CODE_SIGN_IDENTITY = "Apple Development";
				CODE_SIGN_STYLE = Automatic;
				CURRENT_PROJECT_VERSION = 3;
				DEVELOPMENT_TEAM = W3PJ8XX6PP;
				INFOPLIST_FILE = "$(SRCROOT)/Video2Live/Info.plist";
				IPHONEOS_DEPLOYMENT_TARGET = 12.0;
				LD_RUNPATH_SEARCH_PATHS = (
					"$(inherited)",
					"@executable_path/Frameworks",
					"@loader_path/Frameworks",
				);
				MARKETING_VERSION = 1.0.1;
				PRODUCT_BUNDLE_IDENTIFIER = com.yomitosh.Video2Live;
				PRODUCT_NAME = "$(TARGET_NAME)";
				PROVISIONING_PROFILE_SPECIFIER = "";
				SWIFT_VERSION = 5.0;
				TARGETED_DEVICE_FAMILY = 1;
			};
			name = Release;
		};
/* End XCBuildConfiguration section */

/* Begin XCConfigurationList section */
		ED13790C22F5EDE000CE9884 /* Build configuration list for PBXProject "Video2Live" */ = {
			isa = XCConfigurationList;
			buildConfigurations = (
				ED13792422F5EDE100CE9884 /* Debug */,
				ED13792522F5EDE100CE9884 /* Release */,
			);
			defaultConfigurationIsVisible = 0;
			defaultConfigurationName = Release;
		};
		ED13792622F5EDE100CE9884 /* Build configuration list for PBXNativeTarget "Video2Live" */ = {
			isa = XCConfigurationList;
			buildConfigurations = (
				ED13792722F5EDE100CE9884 /* Debug */,
				ED13792822F5EDE100CE9884 /* Release */,
			);
			defaultConfigurationIsVisible = 0;
			defaultConfigurationName = Release;
		};
/* End XCConfigurationList section */

/* Begin XCVersionGroup section */
		ED13791B22F5EDE000CE9884 /* Video2Live.xcdatamodeld */ = {
			isa = XCVersionGroup;
			children = (
				ED13791C22F5EDE000CE9884 /* Live_Convert.xcdatamodel */,
			);
			currentVersion = ED13791C22F5EDE000CE9884 /* Live_Convert.xcdatamodel */;
			path = Video2Live.xcdatamodeld;
			sourceTree = "<group>";
			versionGroupType = wrapper.xcdatamodel;
		};
/* End XCVersionGroup section */
	};
	rootObject = ED13790922F5EDE000CE9884 /* Project object */;
}
